
Microsoft Visual Studio Solution File, Format Version 12.00
# Visual Studio Version 16
VisualStudioVersion = 16.0.30406.217
MinimumVisualStudioVersion = 10.0.40219.1
Project("{9A19103F-16F7-4668-BE54-9A1E7A4F7556}") = "01.CountRealNumbers", "01.CountRealNumbers\01.CountRealNumbers.csproj", "{2484501A-BFF3-489D-A959-9420DFB55266}"
EndProject
Project("{9A19103F-16F7-4668-BE54-9A1E7A4F7556}") = "02.OddOccurrences", "02.OddOccurrences\02.OddOccurrences.csproj", "{D95DC715-FF5E-4A9E-AB0A-AD5598617246}"
EndProject
Project("{9A19103F-16F7-4668-BE54-9A1E7A4F7556}") = "03.WordSynonyms", "03.WordSynonyms\03.WordSynonyms.csproj", "{483F7592-367E-4433-BA77-DAE9BDD607D6}"
EndProject
Project("{FAE04EC0-301F-11D3-BF4B-00C04F79EFBC}") = "04.Largest3Numbers", "04.Largest3Numbers\04.Largest3Numbers.csproj", "{2C5E326B-7513-4F08-8A90-8F8F11993061}"
EndProject
Project("{FAE04EC0-301F-11D3-BF4B-00C04F79EFBC}") = "05.WordFilter", "05.WordFilter\05.WordFilter.csproj", "{EBCEE6B9-0569-4FDB-BEF5-875F1589C207}"
EndProject
Global
	GlobalSection(SolutionConfigurationPlatforms) = preSolution
		Debug|Any CPU = Debug|Any CPU
		Release|Any CPU = Release|Any CPU
	EndGlobalSection
	GlobalSection(ProjectConfigurationPlatforms) = postSolution
		{2484501A-BFF3-489D-A959-9420DFB55266}.Debug|Any CPU.ActiveCfg = Debug|Any CPU
		{2484501A-BFF3-489D-A959-9420DFB55266}.Debug|Any CPU.Build.0 = Debug|Any CPU
		{2484501A-BFF3-489D-A959-9420DFB55266}.Release|Any CPU.ActiveCfg = Release|Any CPU
		{2484501A-BFF3-489D-A959-9420DFB55266}.Release|Any CPU.Build.0 = Release|Any CPU
		{D95DC715-FF5E-4A9E-AB0A-AD5598617246}.Debug|Any CPU.ActiveCfg = Debug|Any CPU
		{D95DC715-FF5E-4A9E-AB0A-AD5598617246}.Debug|Any CPU.Build.0 = Debug|Any CPU
		{D95DC715-FF5E-4A9E-AB0A-AD5598617246}.Release|Any CPU.ActiveCfg = Release|Any CPU
		{D95DC715-FF5E-4A9E-AB0A-AD5598617246}.Release|Any CPU.Build.0 = Release|Any CPU
		{483F7592-367E-4433-BA77-DAE9BDD607D6}.Debug|Any CPU.ActiveCfg = Debug|Any CPU
		{483F7592-367E-4433-BA77-DAE9BDD607D6}.Debug|Any CPU.Build.0 = Debug|Any CPU
		{483F7592-367E-4433-BA77-DAE9BDD607D6}.Release|Any CPU.ActiveCfg = Release|Any CPU
		{483F7592-367E-4433-BA77-DAE9BDD607D6}.Release|Any CPU.Build.0 = Release|Any CPU
		{2C5E326B-7513-4F08-8A90-8F8F11993061}.Debug|Any CPU.ActiveCfg = Debug|Any CPU
		{2C5E326B-7513-4F08-8A90-8F8F11993061}.Debug|Any CPU.Build.0 = Debug|Any CPU
		{2C5E326B-7513-4F08-8A90-8F8F11993061}.Release|Any CPU.ActiveCfg = Release|Any CPU
		{2C5E326B-7513-4F08-8A90-8F8F11993061}.Release|Any CPU.Build.0 = Release|Any CPU
		{EBCEE6B9-0569-4FDB-BEF5-875F1589C207}.Debug|Any CPU.ActiveCfg = Debug|Any CPU
		{EBCEE6B9-0569-4FDB-BEF5-875F1589C207}.Debug|Any CPU.Build.0 = Debug|Any CPU
		{EBCEE6B9-0569-4FDB-BEF5-875F1589C207}.Release|Any CPU.ActiveCfg = Release|Any CPU
		{EBCEE6B9-0569-4FDB-BEF5-875F1589C207}.Release|Any CPU.Build.0 = Release|Any CPU
	EndGlobalSection
	GlobalSection(SolutionProperties) = preSolution
		HideSolutionNode = FALSE
	EndGlobalSection
	GlobalSection(ExtensibilityGlobals) = postSolution
		SolutionGuid = {42A34B06-2B52-4503-B8B8-29E0628268CE}
	EndGlobalSection
EndGlobal
