
Microsoft Visual Studio Solution File, Format Version 12.00
# Visual Studio Version 16
VisualStudioVersion = 16.0.30406.217
MinimumVisualStudioVersion = 10.0.40219.1
Project("{9A19103F-16F7-4668-BE54-9A1E7A4F7556}") = "01Ages", "01Ages\01Ages.csproj", "{1C93883E-139F-40BE-B991-331012B92ACC}"
EndProject
Project("{9A19103F-16F7-4668-BE54-9A1E7A4F7556}") = "02.Division", "02.Division\02.Division.csproj", "{5463FE59-CBA4-4C84-932F-9A65A917B708}"
EndProject
Project("{9A19103F-16F7-4668-BE54-9A1E7A4F7556}") = "03.Vacation83Ot100", "03.Vacation\03.Vacation83Ot100.csproj", "{9864F7B2-3729-4AA7-A289-2F5871C1021E}"
EndProject
Project("{9A19103F-16F7-4668-BE54-9A1E7A4F7556}") = "03.Vacation2", "03.Vacation2\03.Vacation2.csproj", "{E651772F-F9DD-4735-8446-3C599AC44521}"
EndProject
Project("{9A19103F-16F7-4668-BE54-9A1E7A4F7556}") = "03.Vacantion3", "03.Vacantion3\03.Vacantion3.csproj", "{AFA75345-31C3-4B91-BE70-D8F114D4D107}"
EndProject
Project("{9A19103F-16F7-4668-BE54-9A1E7A4F7556}") = "03.Vacantion58", "03.Vacantion100\03.Vacantion58.csproj", "{C0740C24-1C44-408B-AE8D-97970E0CE1C4}"
EndProject
Project("{9A19103F-16F7-4668-BE54-9A1E7A4F7556}") = "04.PrintAndSum", "04.PrintAndSum\04.PrintAndSum.csproj", "{4F7D6F5C-020A-4B38-9B89-B7426569BDB9}"
EndProject
Project("{9A19103F-16F7-4668-BE54-9A1E7A4F7556}") = "05.Login", "05.Login\05.Login.csproj", "{3695842E-F89C-4E50-B0CC-0F588532468C}"
EndProject
Project("{9A19103F-16F7-4668-BE54-9A1E7A4F7556}") = "06.StrongNumber", "06.StrongNumber\06.StrongNumber.csproj", "{D7EBB653-9BBE-4AA4-9CA7-B9C67F60067F}"
EndProject
Project("{9A19103F-16F7-4668-BE54-9A1E7A4F7556}") = "05.Logins2", "05.Logins2\05.Logins2.csproj", "{2777C524-D96F-4802-9BFF-E50D2F235F16}"
EndProject
Project("{9A19103F-16F7-4668-BE54-9A1E7A4F7556}") = "07.VendingMachine", "07.VendingMachine\07.VendingMachine.csproj", "{B4DAFDB7-161A-4A8B-8687-E2A5E6F4DCB0}"
EndProject
Project("{9A19103F-16F7-4668-BE54-9A1E7A4F7556}") = "08.TriangleOfNumbers", "08.TriangleOfNumbers\08.TriangleOfNumbers.csproj", "{CFC7259A-FFBC-447F-AF92-D16252572F7F}"
EndProject
Project("{9A19103F-16F7-4668-BE54-9A1E7A4F7556}") = "09.PadawanEquipment", "09.PadawanEquipment\09.PadawanEquipment.csproj", "{985E57B0-83A3-4B24-BF5E-179BD5AB1DC3}"
EndProject
Project("{9A19103F-16F7-4668-BE54-9A1E7A4F7556}") = "10.RageExpenses", "10.RageExpenses\10.RageExpenses.csproj", "{D0D2CBCF-C03E-4EF2-B803-2E865B1E9325}"
EndProject
Project("{2150E333-8FDC-42A3-9474-1A3956D46DE8}") = "Solution Items", "Solution Items", "{7019BC4B-B7F8-4C5C-8C8C-5A518E006890}"
	ProjectSection(SolutionItems) = preProject
		.editorconfig = .editorconfig
	EndProjectSection
EndProject
Project("{FAE04EC0-301F-11D3-BF4B-00C04F79EFBC}") = "10.RageExpenses2Variant", "10.RageExpenses2Variant\10.RageExpenses2Variant.csproj", "{6EDAEDDD-F305-4B63-9B4F-0E266472838C}"
EndProject
Global
	GlobalSection(SolutionConfigurationPlatforms) = preSolution
		Debug|Any CPU = Debug|Any CPU
		Release|Any CPU = Release|Any CPU
	EndGlobalSection
	GlobalSection(ProjectConfigurationPlatforms) = postSolution
		{1C93883E-139F-40BE-B991-331012B92ACC}.Debug|Any CPU.ActiveCfg = Debug|Any CPU
		{1C93883E-139F-40BE-B991-331012B92ACC}.Debug|Any CPU.Build.0 = Debug|Any CPU
		{1C93883E-139F-40BE-B991-331012B92ACC}.Release|Any CPU.ActiveCfg = Release|Any CPU
		{1C93883E-139F-40BE-B991-331012B92ACC}.Release|Any CPU.Build.0 = Release|Any CPU
		{5463FE59-CBA4-4C84-932F-9A65A917B708}.Debug|Any CPU.ActiveCfg = Debug|Any CPU
		{5463FE59-CBA4-4C84-932F-9A65A917B708}.Debug|Any CPU.Build.0 = Debug|Any CPU
		{5463FE59-CBA4-4C84-932F-9A65A917B708}.Release|Any CPU.ActiveCfg = Release|Any CPU
		{5463FE59-CBA4-4C84-932F-9A65A917B708}.Release|Any CPU.Build.0 = Release|Any CPU
		{9864F7B2-3729-4AA7-A289-2F5871C1021E}.Debug|Any CPU.ActiveCfg = Debug|Any CPU
		{9864F7B2-3729-4AA7-A289-2F5871C1021E}.Debug|Any CPU.Build.0 = Debug|Any CPU
		{9864F7B2-3729-4AA7-A289-2F5871C1021E}.Release|Any CPU.ActiveCfg = Release|Any CPU
		{9864F7B2-3729-4AA7-A289-2F5871C1021E}.Release|Any CPU.Build.0 = Release|Any CPU
		{E651772F-F9DD-4735-8446-3C599AC44521}.Debug|Any CPU.ActiveCfg = Debug|Any CPU
		{E651772F-F9DD-4735-8446-3C599AC44521}.Debug|Any CPU.Build.0 = Debug|Any CPU
		{E651772F-F9DD-4735-8446-3C599AC44521}.Release|Any CPU.ActiveCfg = Release|Any CPU
		{E651772F-F9DD-4735-8446-3C599AC44521}.Release|Any CPU.Build.0 = Release|Any CPU
		{AFA75345-31C3-4B91-BE70-D8F114D4D107}.Debug|Any CPU.ActiveCfg = Debug|Any CPU
		{AFA75345-31C3-4B91-BE70-D8F114D4D107}.Debug|Any CPU.Build.0 = Debug|Any CPU
		{AFA75345-31C3-4B91-BE70-D8F114D4D107}.Release|Any CPU.ActiveCfg = Release|Any CPU
		{AFA75345-31C3-4B91-BE70-D8F114D4D107}.Release|Any CPU.Build.0 = Release|Any CPU
		{C0740C24-1C44-408B-AE8D-97970E0CE1C4}.Debug|Any CPU.ActiveCfg = Debug|Any CPU
		{C0740C24-1C44-408B-AE8D-97970E0CE1C4}.Debug|Any CPU.Build.0 = Debug|Any CPU
		{C0740C24-1C44-408B-AE8D-97970E0CE1C4}.Release|Any CPU.ActiveCfg = Release|Any CPU
		{C0740C24-1C44-408B-AE8D-97970E0CE1C4}.Release|Any CPU.Build.0 = Release|Any CPU
		{4F7D6F5C-020A-4B38-9B89-B7426569BDB9}.Debug|Any CPU.ActiveCfg = Debug|Any CPU
		{4F7D6F5C-020A-4B38-9B89-B7426569BDB9}.Debug|Any CPU.Build.0 = Debug|Any CPU
		{4F7D6F5C-020A-4B38-9B89-B7426569BDB9}.Release|Any CPU.ActiveCfg = Release|Any CPU
		{4F7D6F5C-020A-4B38-9B89-B7426569BDB9}.Release|Any CPU.Build.0 = Release|Any CPU
		{3695842E-F89C-4E50-B0CC-0F588532468C}.Debug|Any CPU.ActiveCfg = Debug|Any CPU
		{3695842E-F89C-4E50-B0CC-0F588532468C}.Debug|Any CPU.Build.0 = Debug|Any CPU
		{3695842E-F89C-4E50-B0CC-0F588532468C}.Release|Any CPU.ActiveCfg = Release|Any CPU
		{3695842E-F89C-4E50-B0CC-0F588532468C}.Release|Any CPU.Build.0 = Release|Any CPU
		{D7EBB653-9BBE-4AA4-9CA7-B9C67F60067F}.Debug|Any CPU.ActiveCfg = Debug|Any CPU
		{D7EBB653-9BBE-4AA4-9CA7-B9C67F60067F}.Debug|Any CPU.Build.0 = Debug|Any CPU
		{D7EBB653-9BBE-4AA4-9CA7-B9C67F60067F}.Release|Any CPU.ActiveCfg = Release|Any CPU
		{D7EBB653-9BBE-4AA4-9CA7-B9C67F60067F}.Release|Any CPU.Build.0 = Release|Any CPU
		{2777C524-D96F-4802-9BFF-E50D2F235F16}.Debug|Any CPU.ActiveCfg = Debug|Any CPU
		{2777C524-D96F-4802-9BFF-E50D2F235F16}.Debug|Any CPU.Build.0 = Debug|Any CPU
		{2777C524-D96F-4802-9BFF-E50D2F235F16}.Release|Any CPU.ActiveCfg = Release|Any CPU
		{2777C524-D96F-4802-9BFF-E50D2F235F16}.Release|Any CPU.Build.0 = Release|Any CPU
		{B4DAFDB7-161A-4A8B-8687-E2A5E6F4DCB0}.Debug|Any CPU.ActiveCfg = Debug|Any CPU
		{B4DAFDB7-161A-4A8B-8687-E2A5E6F4DCB0}.Debug|Any CPU.Build.0 = Debug|Any CPU
		{B4DAFDB7-161A-4A8B-8687-E2A5E6F4DCB0}.Release|Any CPU.ActiveCfg = Release|Any CPU
		{B4DAFDB7-161A-4A8B-8687-E2A5E6F4DCB0}.Release|Any CPU.Build.0 = Release|Any CPU
		{CFC7259A-FFBC-447F-AF92-D16252572F7F}.Debug|Any CPU.ActiveCfg = Debug|Any CPU
		{CFC7259A-FFBC-447F-AF92-D16252572F7F}.Debug|Any CPU.Build.0 = Debug|Any CPU
		{CFC7259A-FFBC-447F-AF92-D16252572F7F}.Release|Any CPU.ActiveCfg = Release|Any CPU
		{CFC7259A-FFBC-447F-AF92-D16252572F7F}.Release|Any CPU.Build.0 = Release|Any CPU
		{985E57B0-83A3-4B24-BF5E-179BD5AB1DC3}.Debug|Any CPU.ActiveCfg = Debug|Any CPU
		{985E57B0-83A3-4B24-BF5E-179BD5AB1DC3}.Debug|Any CPU.Build.0 = Debug|Any CPU
		{985E57B0-83A3-4B24-BF5E-179BD5AB1DC3}.Release|Any CPU.ActiveCfg = Release|Any CPU
		{985E57B0-83A3-4B24-BF5E-179BD5AB1DC3}.Release|Any CPU.Build.0 = Release|Any CPU
		{D0D2CBCF-C03E-4EF2-B803-2E865B1E9325}.Debug|Any CPU.ActiveCfg = Debug|Any CPU
		{D0D2CBCF-C03E-4EF2-B803-2E865B1E9325}.Debug|Any CPU.Build.0 = Debug|Any CPU
		{D0D2CBCF-C03E-4EF2-B803-2E865B1E9325}.Release|Any CPU.ActiveCfg = Release|Any CPU
		{D0D2CBCF-C03E-4EF2-B803-2E865B1E9325}.Release|Any CPU.Build.0 = Release|Any CPU
		{6EDAEDDD-F305-4B63-9B4F-0E266472838C}.Debug|Any CPU.ActiveCfg = Debug|Any CPU
		{6EDAEDDD-F305-4B63-9B4F-0E266472838C}.Debug|Any CPU.Build.0 = Debug|Any CPU
		{6EDAEDDD-F305-4B63-9B4F-0E266472838C}.Release|Any CPU.ActiveCfg = Release|Any CPU
		{6EDAEDDD-F305-4B63-9B4F-0E266472838C}.Release|Any CPU.Build.0 = Release|Any CPU
	EndGlobalSection
	GlobalSection(SolutionProperties) = preSolution
		HideSolutionNode = FALSE
	EndGlobalSection
	GlobalSection(ExtensibilityGlobals) = postSolution
		SolutionGuid = {48B562C5-D9FE-4D41-8978-2AF81BD341F8}
	EndGlobalSection
EndGlobal
